{
  "name": "redshift_batch",
  "version": "1.0.0",
  "lockfileVersion": 1,
  "requires": true,
  "dependencies": {
    "@types/bluebird": {
      "version": "3.5.0",
      "resolved": "https://registry.npmjs.org/@types/bluebird/-/bluebird-3.5.0.tgz",
      "integrity": "sha1-JjNHCk6r6aR82aRf2yDtX5NAe8o="
    },
    "@types/lodash": {
      "version": "4.14.139",
      "resolved": "https://registry.npmjs.org/@types/lodash/-/lodash-4.14.139.tgz",
      "integrity": "sha512-Z6pbDYaWpluqcF8+6qgv6STPEl0jIlyQmpYGwTrzhgwqok8ltBh/p7GAmYnz81wUhxQRhEr8MBpQrB4fQ/hwIA=="
    },
    "assert-options": {
      "version": "0.6.0",
      "resolved": "https://registry.npmjs.org/assert-options/-/assert-options-0.6.0.tgz",
      "integrity": "sha512-xmBFb5sY0AO8SNihIfavR6uMhOyzq6D7RoFKJxxAditMQc876szBBQ9RQVwLi6Bm3zUoG0nexZK11Gy5TBX69A=="
    },
    "bin-protocol": {
      "version": "3.1.1",
      "resolved": "https://registry.npmjs.org/bin-protocol/-/bin-protocol-3.1.1.tgz",
      "integrity": "sha512-9vCGfaHC2GBHZwGQdG+DpyXfmLvx9uKtf570wMLwIc9wmTIDgsdCBXQxTZu5X2GyogkfBks2Ode4N0sUVxJ2qQ==",
      "requires": {
        "lodash": "^4.17.11",
        "long": "^4.0.0",
        "protocol-buffers-schema": "^3.0.0"
      }
    },
    "bluebird": {
      "version": "3.5.5",
      "resolved": "https://registry.npmjs.org/bluebird/-/bluebird-3.5.5.tgz",
      "integrity": "sha512-5am6HnnfN+urzt4yfg7IgTbotDjIT/u8AJpEt0sIU9FtXfVeezXAPKswrG+xKUCOYAINpSdgZVDU6QFh+cuH3w=="
    },
    "buffer-crc32": {
      "version": "0.2.13",
      "resolved": "https://registry.npmjs.org/buffer-crc32/-/buffer-crc32-0.2.13.tgz",
      "integrity": "sha1-DTM+PwDqxQqhRUq9MO+MKl2ackI="
    },
    "buffer-writer": {
      "version": "2.0.0",
      "resolved": "https://registry.npmjs.org/buffer-writer/-/buffer-writer-2.0.0.tgz",
      "integrity": "sha512-a7ZpuTZU1TRtnwyCNW3I5dc0wWNC3VR9S++Ewyk2HHZdrO3CQJqSpd+95Us590V6AL7JqUAH2IwZ/398PmNFgw=="
    },
    "connection-parse": {
      "version": "0.0.7",
      "resolved": "https://registry.npmjs.org/connection-parse/-/connection-parse-0.0.7.tgz",
      "integrity": "sha1-GOcxiqsGppkmc3KxDFIm0locmmk="
    },
    "getconfig": {
      "version": "4.5.0",
      "resolved": "https://registry.npmjs.org/getconfig/-/getconfig-4.5.0.tgz",
      "integrity": "sha512-9vNCLPUkiYYB06EgYx/8PhyjV0eNSXWWeGSDXgLgAQLUQZb81SlHayMaP+dR8RzV0ISO3V6VOVGTUUx3ZR1dWQ=="
    },
    "hashring": {
      "version": "3.2.0",
      "resolved": "https://registry.npmjs.org/hashring/-/hashring-3.2.0.tgz",
      "integrity": "sha1-/aTv3oqiLNuX+x0qZeiEAeHBRM4=",
      "requires": {
        "connection-parse": "0.0.x",
        "simple-lru-cache": "0.0.x"
      }
    },
    "lodash": {
      "version": "4.17.11",
      "resolved": "https://registry.npmjs.org/lodash/-/lodash-4.17.11.tgz",
      "integrity": "sha512-cQKh8igo5QUhZ7lg38DYWAxMvjSAKG0A8wGSVimP07SIUEK2UO+arSRKbRZWtelMtN5V0Hkwh5ryOto/SshYIg=="
    },
    "long": {
      "version": "4.0.0",
      "resolved": "https://registry.npmjs.org/long/-/long-4.0.0.tgz",
      "integrity": "sha512-XsP+KhQif4bjX1kbuSiySJFNAehNxgLb6hPRGJ9QsUr8ajHkuXGdrHmFUTUUXhDwVX2R5bY4JNZEwbUiMhV+MA=="
    },
    "manakin": {
      "version": "0.5.2",
      "resolved": "https://registry.npmjs.org/manakin/-/manakin-0.5.2.tgz",
      "integrity": "sha512-pfDSB7QYoVg0Io4KMV9hhPoXpj6p0uBscgtyUSKCOFZe8bqgbpStfgnKIbF/ulnr6U3ICu4OqdyxAqBgOhZwBQ=="
    },
    "murmur-hash-js": {
      "version": "1.0.0",
      "resolved": "https://registry.npmjs.org/murmur-hash-js/-/murmur-hash-js-1.0.0.tgz",
      "integrity": "sha1-UEEEkmnJZjPIZjhpYLL0KJ515bA="
    },
    "nice-simple-logger": {
      "version": "1.0.1",
      "resolved": "https://registry.npmjs.org/nice-simple-logger/-/nice-simple-logger-1.0.1.tgz",
      "integrity": "sha1-D55khSe+e+PkmrdvqMjAmK+VG/Y=",
      "requires": {
        "lodash": "^4.3.0"
      }
    },
    "no-kafka": {
      "version": "3.4.3",
      "resolved": "https://registry.npmjs.org/no-kafka/-/no-kafka-3.4.3.tgz",
      "integrity": "sha512-hYnkg1OWVdaxORdzVvdQ4ueWYpf7IICObPzd24BBiDyVG5219VkUnRxSH9wZmisFb6NpgABzlSIL1pIZaCKmXg==",
      "requires": {
        "@types/bluebird": "3.5.0",
        "@types/lodash": "^4.14.55",
        "bin-protocol": "^3.1.1",
        "bluebird": "^3.3.3",
        "buffer-crc32": "^0.2.5",
        "hashring": "^3.2.0",
        "lodash": "=4.17.11",
        "murmur-hash-js": "^1.0.0",
        "nice-simple-logger": "^1.0.1",
        "wrr-pool": "^1.0.3"
      }
    },
    "packet-reader": {
      "version": "1.0.0",
      "resolved": "https://registry.npmjs.org/packet-reader/-/packet-reader-1.0.0.tgz",
      "integrity": "sha512-HAKu/fG3HpHFO0AA8WE8q2g+gBJaZ9MG7fcKk+IJPLTGAD6Psw4443l+9DGRbOIh3/aXr7Phy0TjilYivJo5XQ=="
    },
    "pg": {
      "version": "7.12.1",
      "resolved": "https://registry.npmjs.org/pg/-/pg-7.12.1.tgz",
      "integrity": "sha512-l1UuyfEvoswYfcUe6k+JaxiN+5vkOgYcVSbSuw3FvdLqDbaoa2RJo1zfJKfPsSYPFVERd4GHvX3s2PjG1asSDA==",
      "requires": {
        "buffer-writer": "2.0.0",
        "packet-reader": "1.0.0",
        "pg-connection-string": "0.1.3",
        "pg-pool": "^2.0.4",
        "pg-types": "^2.1.0",
        "pgpass": "1.x",
        "semver": "4.3.2"
      }
    },
    "pg-connection-string": {
      "version": "0.1.3",
      "resolved": "https://registry.npmjs.org/pg-connection-string/-/pg-connection-string-0.1.3.tgz",
      "integrity": "sha1-2hhHsglA5C7hSSvq9l1J2RskXfc="
    },
    "pg-int8": {
      "version": "1.0.1",
      "resolved": "https://registry.npmjs.org/pg-int8/-/pg-int8-1.0.1.tgz",
      "integrity": "sha512-WCtabS6t3c8SkpDBUlb1kjOs7l66xsGdKpIPZsg4wR+B3+u9UAum2odSsF9tnvxg80h4ZxLWMy4pRjOsFIqQpw=="
    },
    "pg-minify": {
      "version": "1.5.1",
      "resolved": "https://registry.npmjs.org/pg-minify/-/pg-minify-1.5.1.tgz",
      "integrity": "sha512-nqUTo8y9T0VhiJoWC0sK0+2S8hYDiu7CdH0Z9ijPi2iikiQ44mfcAFxEJxfvF8H3h/bDBvXthtOQPIB3pLWIow=="
    },
    "pg-pool": {
      "version": "2.0.7",
      "resolved": "https://registry.npmjs.org/pg-pool/-/pg-pool-2.0.7.tgz",
      "integrity": "sha512-UiJyO5B9zZpu32GSlP0tXy8J2NsJ9EFGFfz5v6PSbdz/1hBLX1rNiiy5+mAm5iJJYwfCv4A0EBcQLGWwjbpzZw=="
    },
    "pg-promise": {
      "version": "9.2.1",
      "resolved": "https://registry.npmjs.org/pg-promise/-/pg-promise-9.2.1.tgz",
      "integrity": "sha512-7+Kijbqz2m6dcDi/EQFlJs2aL0torezB2WMtM9mTLJZKs8yltYYsZn0ialu5kGmGtH4ap977rkSxadq/DDUkZg==",
      "requires": {
        "assert-options": "0.6.0",
        "manakin": "0.5.2",
        "pg": "7.12.1",
        "pg-minify": "1.5.1",
        "spex": "3.0.0"
      }
    },
    "pg-types": {
      "version": "2.2.0",
      "resolved": "https://registry.npmjs.org/pg-types/-/pg-types-2.2.0.tgz",
      "integrity": "sha512-qTAAlrEsl8s4OiEQY69wDvcMIdQN6wdz5ojQiOy6YRMuynxenON0O5oCpJI6lshc6scgAY8qvJ2On/p+CXY0GA==",
      "requires": {
        "pg-int8": "1.0.1",
        "postgres-array": "~2.0.0",
        "postgres-bytea": "~1.0.0",
        "postgres-date": "~1.0.4",
        "postgres-interval": "^1.1.0"
      }
    },
    "pgpass": {
      "version": "1.0.2",
      "resolved": "https://registry.npmjs.org/pgpass/-/pgpass-1.0.2.tgz",
      "integrity": "sha1-Knu0G2BltnkH6R2hsHwYR8h3swY=",
      "requires": {
        "split": "^1.0.0"
      }
    },
    "postgres-array": {
      "version": "2.0.0",
      "resolved": "https://registry.npmjs.org/postgres-array/-/postgres-array-2.0.0.tgz",
      "integrity": "sha512-VpZrUqU5A69eQyW2c5CA1jtLecCsN2U/bD6VilrFDWq5+5UIEVO7nazS3TEcHf1zuPYO/sqGvUvW62g86RXZuA=="
    },
    "postgres-bytea": {
      "version": "1.0.0",
      "resolved": "https://registry.npmjs.org/postgres-bytea/-/postgres-bytea-1.0.0.tgz",
      "integrity": "sha1-AntTPAqokOJtFy1Hz5zOzFIazTU="
    },
    "postgres-date": {
      "version": "1.0.4",
      "resolved": "https://registry.npmjs.org/postgres-date/-/postgres-date-1.0.4.tgz",
      "integrity": "sha512-bESRvKVuTrjoBluEcpv2346+6kgB7UlnqWZsnbnCccTNq/pqfj1j6oBaN5+b/NrDXepYUT/HKadqv3iS9lJuVA=="
    },
    "postgres-interval": {
      "version": "1.2.0",
      "resolved": "https://registry.npmjs.org/postgres-interval/-/postgres-interval-1.2.0.tgz",
      "integrity": "sha512-9ZhXKM/rw350N1ovuWHbGxnGh/SNJ4cnxHiM0rxE4VN41wsg8P8zWn9hv/buK00RP4WvlOyr/RBDiptyxVbkZQ==",
      "requires": {
        "xtend": "^4.0.0"
      }
    },
    "protocol-buffers-schema": {
      "version": "3.3.2",
      "resolved": "https://registry.npmjs.org/protocol-buffers-schema/-/protocol-buffers-schema-3.3.2.tgz",
      "integrity": "sha512-Xdayp8sB/mU+sUV4G7ws8xtYMGdQnxbeIfLjyO9TZZRJdztBGhlmbI5x1qcY4TG5hBkIKGnc28i7nXxaugu88w=="
    },
    "semver": {
      "version": "4.3.2",
      "resolved": "https://registry.npmjs.org/semver/-/semver-4.3.2.tgz",
      "integrity": "sha1-x6BxWKgL7dBSNVt3DYLWZA+AO+c="
    },
    "simple-lru-cache": {
      "version": "0.0.2",
      "resolved": "https://registry.npmjs.org/simple-lru-cache/-/simple-lru-cache-0.0.2.tgz",
      "integrity": "sha1-1ZzDoZPBpdAyD4Tucy9uRxPlEd0="
    },
    "spex": {
      "version": "3.0.0",
      "resolved": "https://registry.npmjs.org/spex/-/spex-3.0.0.tgz",
      "integrity": "sha512-JoMfgbrJcEPn53JCLkSNH1o7fZ9rzkb24UKEt5LTcsp0YsaN+yxtb5MEmibbMRltj9CdXDNGitPrYi11JY2hog=="
    },
    "split": {
      "version": "1.0.1",
      "resolved": "https://registry.npmjs.org/split/-/split-1.0.1.tgz",
      "integrity": "sha512-mTyOoPbrivtXnwnIxZRFYRrPNtEFKlpB2fvjSnCQUiAA6qAZzqwna5envK4uk6OIeP17CsdF3rSBGYVBsU0Tkg==",
      "requires": {
        "through": "2"
      }
    },
    "through": {
      "version": "2.3.8",
      "resolved": "https://registry.npmjs.org/through/-/through-2.3.8.tgz",
      "integrity": "sha1-DdTJ/6q8NXlgsbckEV1+Doai4fU="
    },
    "wrr-pool": {
      "version": "1.1.4",
      "resolved": "https://registry.npmjs.org/wrr-pool/-/wrr-pool-1.1.4.tgz",
      "integrity": "sha512-+lEdj42HlYqmzhvkZrx6xEymj0wzPBxqr7U1Xh9IWikMzOge03JSQT9YzTGq54SkOh/noViq32UejADZVzrgAg==",
      "requires": {
        "lodash": "^4.17.11"
      }
    },
    "xtend": {
      "version": "4.0.2",
      "resolved": "https://registry.npmjs.org/xtend/-/xtend-4.0.2.tgz",
      "integrity": "sha512-LKYU1iAXJXUgAXn9URjiu+MWhyUXHsvfp7mcuYm9dSUKK0/CjtrUwFAxD82/mCWbtLsGjFIad0wIsod4zrTAEQ=="
    }
  }
}
